
Microsoft Visual Studio Solution File, Format Version 12.00
# Visual Studio Version 16
VisualStudioVersion = 16.0.30717.126
MinimumVisualStudioVersion = 10.0.40219.1
Project("{FAE04EC0-301F-11D3-BF4B-00C04F79EFBC}") = "Otomasyon", "Otomasyon\Otomasyon.csproj", "{DAED72F6-8A07-4D0C-8F0A-F7795181D230}"
EndProject
Global
	GlobalSection(SolutionConfigurationPlatforms) = preSolution
		Debug|Any CPU = Debug|Any CPU
		Release|Any CPU = Release|Any CPU
	EndGlobalSection
	GlobalSection(ProjectConfigurationPlatforms) = postSolution
		{DAED72F6-8A07-4D0C-8F0A-F7795181D230}.Debug|Any CPU.ActiveCfg = Debug|Any CPU
		{DAED72F6-8A07-4D0C-8F0A-F7795181D230}.Debug|Any CPU.Build.0 = Debug|Any CPU
		{DAED72F6-8A07-4D0C-8F0A-F7795181D230}.Release|Any CPU.ActiveCfg = Release|Any CPU
		{DAED72F6-8A07-4D0C-8F0A-F7795181D230}.Release|Any CPU.Build.0 = Release|Any CPU
	EndGlobalSection
	GlobalSection(SolutionProperties) = preSolution
		HideSolutionNode = FALSE
	EndGlobalSection
	GlobalSection(ExtensibilityGlobals) = postSolution
		SolutionGuid = {DC6D5E12-83D2-405A-9C49-C53532650B41}
	EndGlobalSection
EndGlobal
